
Microsoft Visual Studio Solution File, Format Version 12.00
# Visual Studio Version 16
VisualStudioVersion = 16.0.29215.179
MinimumVisualStudioVersion = 10.0.40219.1
Project("{9A19103F-16F7-4668-BE54-9A1E7A4F7556}") = "Migrator", "Migrator\Migrator.csproj", "{CF0A1AB3-9213-4DAE-AE9D-6B1BA8E5B78C}"
EndProject
Project("{00D1A9C2-B5F0-4AF3-8072-F6C62B433612}") = "MigrationDatabase", "MigrationDatabase\MigrationDatabase.sqlproj", "{72AD2D9A-C48A-468E-B326-9AA7CC3F2FBC}"
EndProject
Project("{FAE04EC0-301F-11D3-BF4B-00C04F79EFBC}") = "MigratorUnitTests", "MigratorUnitTests\MigratorUnitTests.csproj", "{A951D8C3-9083-4DB2-876E-63A4A03F179F}"
EndProject
Global
	GlobalSection(SolutionConfigurationPlatforms) = preSolution
		Debug|Any CPU = Debug|Any CPU
		Release|Any CPU = Release|Any CPU
	EndGlobalSection
	GlobalSection(ProjectConfigurationPlatforms) = postSolution
		{CF0A1AB3-9213-4DAE-AE9D-6B1BA8E5B78C}.Debug|Any CPU.ActiveCfg = Debug|Any CPU
		{CF0A1AB3-9213-4DAE-AE9D-6B1BA8E5B78C}.Debug|Any CPU.Build.0 = Debug|Any CPU
		{CF0A1AB3-9213-4DAE-AE9D-6B1BA8E5B78C}.Release|Any CPU.ActiveCfg = Release|Any CPU
		{CF0A1AB3-9213-4DAE-AE9D-6B1BA8E5B78C}.Release|Any CPU.Build.0 = Release|Any CPU
		{72AD2D9A-C48A-468E-B326-9AA7CC3F2FBC}.Debug|Any CPU.ActiveCfg = Debug|Any CPU
		{72AD2D9A-C48A-468E-B326-9AA7CC3F2FBC}.Debug|Any CPU.Build.0 = Debug|Any CPU
		{72AD2D9A-C48A-468E-B326-9AA7CC3F2FBC}.Debug|Any CPU.Deploy.0 = Debug|Any CPU
		{72AD2D9A-C48A-468E-B326-9AA7CC3F2FBC}.Release|Any CPU.ActiveCfg = Release|Any CPU
		{72AD2D9A-C48A-468E-B326-9AA7CC3F2FBC}.Release|Any CPU.Build.0 = Release|Any CPU
		{72AD2D9A-C48A-468E-B326-9AA7CC3F2FBC}.Release|Any CPU.Deploy.0 = Release|Any CPU
		{A951D8C3-9083-4DB2-876E-63A4A03F179F}.Debug|Any CPU.ActiveCfg = Debug|Any CPU
		{A951D8C3-9083-4DB2-876E-63A4A03F179F}.Debug|Any CPU.Build.0 = Debug|Any CPU
		{A951D8C3-9083-4DB2-876E-63A4A03F179F}.Release|Any CPU.ActiveCfg = Release|Any CPU
		{A951D8C3-9083-4DB2-876E-63A4A03F179F}.Release|Any CPU.Build.0 = Release|Any CPU
	EndGlobalSection
	GlobalSection(SolutionProperties) = preSolution
		HideSolutionNode = FALSE
	EndGlobalSection
	GlobalSection(ExtensibilityGlobals) = postSolution
		SolutionGuid = {3695607A-8EF6-4756-9515-D512319AE0DB}
	EndGlobalSection
EndGlobal
